
Microsoft Visual Studio Solution File, Format Version 12.00
# Visual Studio Version 17
VisualStudioVersion = 17.6.33815.320
MinimumVisualStudioVersion = 10.0.40219.1
Project("{9A19103F-16F7-4668-BE54-9A1E7A4F7556}") = "AntiKick", "AntiKick.csproj", "{819C16C2-8EAB-4DFD-9D0D-C4C0D024878B}"
EndProject
Global
	GlobalSection(SolutionConfigurationPlatforms) = preSolution
		Debug|Any CPU = Debug|Any CPU
		Release|Any CPU = Release|Any CPU
	EndGlobalSection
	GlobalSection(ProjectConfigurationPlatforms) = postSolution
		{819C16C2-8EAB-4DFD-9D0D-C4C0D024878B}.Debug|Any CPU.ActiveCfg = Debug|Any CPU
		{819C16C2-8EAB-4DFD-9D0D-C4C0D024878B}.Debug|Any CPU.Build.0 = Debug|Any CPU
		{819C16C2-8EAB-4DFD-9D0D-C4C0D024878B}.Release|Any CPU.ActiveCfg = Release|Any CPU
		{819C16C2-8EAB-4DFD-9D0D-C4C0D024878B}.Release|Any CPU.Build.0 = Release|Any CPU
	EndGlobalSection
	GlobalSection(SolutionProperties) = preSolution
		HideSolutionNode = FALSE
	EndGlobalSection
	GlobalSection(ExtensibilityGlobals) = postSolution
		SolutionGuid = {F89AD5F8-72E6-4E9D-BEEA-06D3E8980A55}
	EndGlobalSection
EndGlobal
